
Microsoft Visual Studio Solution File, Format Version 12.00
# Visual Studio Version 16
VisualStudioVersion = 25.0.1704.3
MinimumVisualStudioVersion = 10.0.40219.1
Project("{FAE04EC0-301F-11D3-BF4B-00C04F79EFBC}") = "ReviewApp", "ReviewApp\ReviewApp.csproj", "{67D1CAF6-C479-43B7-9F04-2001B601DFF9}"
EndProject
Global
	GlobalSection(SolutionConfigurationPlatforms) = preSolution
		Debug|Any CPU = Debug|Any CPU
		Release|Any CPU = Release|Any CPU
	EndGlobalSection
	GlobalSection(ProjectConfigurationPlatforms) = postSolution
		{67D1CAF6-C479-43B7-9F04-2001B601DFF9}.Debug|Any CPU.ActiveCfg = Debug|Any CPU
		{67D1CAF6-C479-43B7-9F04-2001B601DFF9}.Debug|Any CPU.Build.0 = Debug|Any CPU
		{67D1CAF6-C479-43B7-9F04-2001B601DFF9}.Release|Any CPU.ActiveCfg = Release|Any CPU
		{67D1CAF6-C479-43B7-9F04-2001B601DFF9}.Release|Any CPU.Build.0 = Release|Any CPU
	EndGlobalSection
	GlobalSection(SolutionProperties) = preSolution
		HideSolutionNode = FALSE
	EndGlobalSection
	GlobalSection(ExtensibilityGlobals) = postSolution
		SolutionGuid = {FE1E37A0-3F86-4F60-9A2A-28159BD8F323}
	EndGlobalSection
EndGlobal
